// !$*UTF8*$!
{
	archiveVersion = 1;
	classes = {
	};
	objectVersion = 56;
	objects = {

/* Begin PBXBuildFile section */
		05144EA459EA806C78A60923 /* Pods_Demo.framework in Frameworks */ = {isa = PBXBuildFile; fileRef = A5AB39CCE327E9BC3A0EEC5D /* Pods_Demo.framework */; };
		5D333A83292F7471006D3DDF /* BaseCollectionView.swift in Sources */ = {isa = PBXBuildFile; fileRef = 5D333A82292F7471006D3DDF /* BaseCollectionView.swift */; };
		5D35C438292E287C005004F4 /* AppDelegate.swift in Sources */ = {isa = PBXBuildFile; fileRef = 5D35C437292E287C005004F4 /* AppDelegate.swift */; };
		5D35C43A292E287C005004F4 /* SceneDelegate.swift in Sources */ = {isa = PBXBuildFile; fileRef = 5D35C439292E287C005004F4 /* SceneDelegate.swift */; };
		5D35C43C292E287C005004F4 /* ViewController.swift in Sources */ = {isa = PBXBuildFile; fileRef = 5D35C43B292E287C005004F4 /* ViewController.swift */; };
		5D35C441292E287D005004F4 /* Assets.xcassets in Resources */ = {isa = PBXBuildFile; fileRef = 5D35C440292E287D005004F4 /* Assets.xcassets */; };
		5D35C444292E287D005004F4 /* LaunchScreen.storyboard in Resources */ = {isa = PBXBuildFile; fileRef = 5D35C442292E287D005004F4 /* LaunchScreen.storyboard */; };
		5D35C44C292E2DC2005004F4 /* Extensions.swift in Sources */ = {isa = PBXBuildFile; fileRef = 5D35C44B292E2DC2005004F4 /* Extensions.swift */; };
		5D35C454292E3201005004F4 /* Network.swift in Sources */ = {isa = PBXBuildFile; fileRef = 5D35C453292E3201005004F4 /* Network.swift */; };
		5D35C456292E3253005004F4 /* FeaturedItemCell.swift in Sources */ = {isa = PBXBuildFile; fileRef = 5D35C455292E3253005004F4 /* FeaturedItemCell.swift */; };
		5D35C458292E39B0005004F4 /* MainView.swift in Sources */ = {isa = PBXBuildFile; fileRef = 5D35C457292E39B0005004F4 /* MainView.swift */; };
		5D35C45A292E4A21005004F4 /* Models.swift in Sources */ = {isa = PBXBuildFile; fileRef = 5D35C459292E4A21005004F4 /* Models.swift */; };
		5D35C45C292E4FB0005004F4 /* ViewModels.swift in Sources */ = {isa = PBXBuildFile; fileRef = 5D35C45B292E4FB0005004F4 /* ViewModels.swift */; };
		80B99CE4292F3857007E54DB /* CommonItemCell.swift in Sources */ = {isa = PBXBuildFile; fileRef = 80B99CE3292F3857007E54DB /* CommonItemCell.swift */; };
/* End PBXBuildFile section */

/* Begin PBXFileReference section */
		55C63488995465ACE8C1B8FF /* Pods-Demo.release.xcconfig */ = {isa = PBXFileReference; includeInIndex = 1; lastKnownFileType = text.xcconfig; name = "Pods-Demo.release.xcconfig"; path = "Target Support Files/Pods-Demo/Pods-Demo.release.xcconfig"; sourceTree = "<group>"; };
		5D333A82292F7471006D3DDF /* BaseCollectionView.swift */ = {isa = PBXFileReference; lastKnownFileType = sourcecode.swift; path = BaseCollectionView.swift; sourceTree = "<group>"; };
		5D35C434292E287C005004F4 /* Demo.app */ = {isa = PBXFileReference; explicitFileType = wrapper.application; includeInIndex = 0; path = Demo.app; sourceTree = BUILT_PRODUCTS_DIR; };
		5D35C437292E287C005004F4 /* AppDelegate.swift */ = {isa = PBXFileReference; lastKnownFileType = sourcecode.swift; path = AppDelegate.swift; sourceTree = "<group>"; };
		5D35C439292E287C005004F4 /* SceneDelegate.swift */ = {isa = PBXFileReference; lastKnownFileType = sourcecode.swift; path = SceneDelegate.swift; sourceTree = "<group>"; };
		5D35C43B292E287C005004F4 /* ViewController.swift */ = {isa = PBXFileReference; lastKnownFileType = sourcecode.swift; path = ViewController.swift; sourceTree = "<group>"; };
		5D35C440292E287D005004F4 /* Assets.xcassets */ = {isa = PBXFileReference; lastKnownFileType = folder.assetcatalog; path = Assets.xcassets; sourceTree = "<group>"; };
		5D35C443292E287D005004F4 /* Base */ = {isa = PBXFileReference; lastKnownFileType = file.storyboard; name = Base; path = Base.lproj/LaunchScreen.storyboard; sourceTree = "<group>"; };
		5D35C445292E287D005004F4 /* Info.plist */ = {isa = PBXFileReference; lastKnownFileType = text.plist.xml; path = Info.plist; sourceTree = "<group>"; };
		5D35C44B292E2DC2005004F4 /* Extensions.swift */ = {isa = PBXFileReference; lastKnownFileType = sourcecode.swift; path = Extensions.swift; sourceTree = "<group>"; };
		5D35C453292E3201005004F4 /* Network.swift */ = {isa = PBXFileReference; lastKnownFileType = sourcecode.swift; path = Network.swift; sourceTree = "<group>"; };
		5D35C455292E3253005004F4 /* FeaturedItemCell.swift */ = {isa = PBXFileReference; lastKnownFileType = sourcecode.swift; path = FeaturedItemCell.swift; sourceTree = "<group>"; };
		5D35C457292E39B0005004F4 /* MainView.swift */ = {isa = PBXFileReference; lastKnownFileType = sourcecode.swift; path = MainView.swift; sourceTree = "<group>"; };
		5D35C459292E4A21005004F4 /* Models.swift */ = {isa = PBXFileReference; lastKnownFileType = sourcecode.swift; path = Models.swift; sourceTree = "<group>"; };
		5D35C45B292E4FB0005004F4 /* ViewModels.swift */ = {isa = PBXFileReference; lastKnownFileType = sourcecode.swift; path = ViewModels.swift; sourceTree = "<group>"; };
		80B99CE3292F3857007E54DB /* CommonItemCell.swift */ = {isa = PBXFileReference; lastKnownFileType = sourcecode.swift; path = CommonItemCell.swift; sourceTree = "<group>"; };
		A5AB39CCE327E9BC3A0EEC5D /* Pods_Demo.framework */ = {isa = PBXFileReference; explicitFileType = wrapper.framework; includeInIndex = 0; path = Pods_Demo.framework; sourceTree = BUILT_PRODUCTS_DIR; };
		F0DDB56309B22D800EE9B423 /* Pods-Demo.debug.xcconfig */ = {isa = PBXFileReference; includeInIndex = 1; lastKnownFileType = text.xcconfig; name = "Pods-Demo.debug.xcconfig"; path = "Target Support Files/Pods-Demo/Pods-Demo.debug.xcconfig"; sourceTree = "<group>"; };
/* End PBXFileReference section */

/* Begin PBXFrameworksBuildPhase section */
		5D35C431292E287C005004F4 /* Frameworks */ = {
			isa = PBXFrameworksBuildPhase;
			buildActionMask = 2147483647;
			files = (
				05144EA459EA806C78A60923 /* Pods_Demo.framework in Frameworks */,
			);
			runOnlyForDeploymentPostprocessing = 0;
		};
/* End PBXFrameworksBuildPhase section */

/* Begin PBXGroup section */
		08D89578E0FD3DD2B29B3D5E /* Pods */ = {
			isa = PBXGroup;
			children = (
				F0DDB56309B22D800EE9B423 /* Pods-Demo.debug.xcconfig */,
				55C63488995465ACE8C1B8FF /* Pods-Demo.release.xcconfig */,
			);
			path = Pods;
			sourceTree = "<group>";
		};
		5D35C42B292E287C005004F4 = {
			isa = PBXGroup;
			children = (
				5D35C436292E287C005004F4 /* Demo */,
				5D35C435292E287C005004F4 /* Products */,
				08D89578E0FD3DD2B29B3D5E /* Pods */,
				CF583E7F63908BC96A7CD3D9 /* Frameworks */,
			);
			sourceTree = "<group>";
		};
		5D35C435292E287C005004F4 /* Products */ = {
			isa = PBXGroup;
			children = (
				5D35C434292E287C005004F4 /* Demo.app */,
			);
			name = Products;
			sourceTree = "<group>";
		};
		5D35C436292E287C005004F4 /* Demo */ = {
			isa = PBXGroup;
			children = (
				5D35C452292E31B0005004F4 /* Resources */,
				5D35C44E292E3135005004F4 /* Views */,
				5D35C451292E3162005004F4 /* ViewModel */,
				5D35C450292E3157005004F4 /* Model */,
				5D35C44F292E3143005004F4 /* ViewController */,
				5D35C440292E287D005004F4 /* Assets.xcassets */,
				5D35C442292E287D005004F4 /* LaunchScreen.storyboard */,
				5D35C445292E287D005004F4 /* Info.plist */,
			);
			path = Demo;
			sourceTree = "<group>";
		};
		5D35C44D292E2E18005004F4 /* Lifecycle */ = {
			isa = PBXGroup;
			children = (
				5D35C437292E287C005004F4 /* AppDelegate.swift */,
				5D35C439292E287C005004F4 /* SceneDelegate.swift */,
				5D333A82292F7471006D3DDF /* BaseCollectionView.swift */,
			);
			path = Lifecycle;
			sourceTree = "<group>";
		};
		5D35C44E292E3135005004F4 /* Views */ = {
			isa = PBXGroup;
			children = (
				5D35C457292E39B0005004F4 /* MainView.swift */,
				5D35C455292E3253005004F4 /* FeaturedItemCell.swift */,
				80B99CE3292F3857007E54DB /* CommonItemCell.swift */,
			);
			path = Views;
			sourceTree = "<group>";
		};
		5D35C44F292E3143005004F4 /* ViewController */ = {
			isa = PBXGroup;
			children = (
				5D35C43B292E287C005004F4 /* ViewController.swift */,
			);
			path = ViewController;
			sourceTree = "<group>";
		};
		5D35C450292E3157005004F4 /* Model */ = {
			isa = PBXGroup;
			children = (
				5D35C459292E4A21005004F4 /* Models.swift */,
			);
			path = Model;
			sourceTree = "<group>";
		};
		5D35C451292E3162005004F4 /* ViewModel */ = {
			isa = PBXGroup;
			children = (
				5D35C45B292E4FB0005004F4 /* ViewModels.swift */,
			);
			path = ViewModel;
			sourceTree = "<group>";
		};
		5D35C452292E31B0005004F4 /* Resources */ = {
			isa = PBXGroup;
			children = (
				5D35C44D292E2E18005004F4 /* Lifecycle */,
				5D35C44B292E2DC2005004F4 /* Extensions.swift */,
				5D35C453292E3201005004F4 /* Network.swift */,
			);
			path = Resources;
			sourceTree = "<group>";
		};
		CF583E7F63908BC96A7CD3D9 /* Frameworks */ = {
			isa = PBXGroup;
			children = (
				A5AB39CCE327E9BC3A0EEC5D /* Pods_Demo.framework */,
			);
			name = Frameworks;
			sourceTree = "<group>";
		};
/* End PBXGroup section */

/* Begin PBXNativeTarget section */
		5D35C433292E287C005004F4 /* Demo */ = {
			isa = PBXNativeTarget;
			buildConfigurationList = 5D35C448292E287D005004F4 /* Build configuration list for PBXNativeTarget "Demo" */;
			buildPhases = (
				49C463A1A0F5B6EA41F800A6 /* [CP] Check Pods Manifest.lock */,
				5D35C430292E287C005004F4 /* Sources */,
				5D35C431292E287C005004F4 /* Frameworks */,
				5D35C432292E287C005004F4 /* Resources */,
				8BE871909F89E90FD7ED1731 /* [CP] Embed Pods Frameworks */,
			);
			buildRules = (
			);
			dependencies = (
			);
			name = Demo;
			productName = Demo;
			productReference = 5D35C434292E287C005004F4 /* Demo.app */;
			productType = "com.apple.product-type.application";
		};
/* End PBXNativeTarget section */

/* Begin PBXProject section */
		5D35C42C292E287C005004F4 /* Project object */ = {
			isa = PBXProject;
			attributes = {
				BuildIndependentTargetsInParallel = 1;
				LastSwiftUpdateCheck = 1410;
				LastUpgradeCheck = 1410;
				TargetAttributes = {
					5D35C433292E287C005004F4 = {
						CreatedOnToolsVersion = 14.1;
					};
				};
			};
			buildConfigurationList = 5D35C42F292E287C005004F4 /* Build configuration list for PBXProject "Demo" */;
			compatibilityVersion = "Xcode 14.0";
			developmentRegion = en;
			hasScannedForEncodings = 0;
			knownRegions = (
				en,
				Base,
			);
			mainGroup = 5D35C42B292E287C005004F4;
			productRefGroup = 5D35C435292E287C005004F4 /* Products */;
			projectDirPath = "";
			projectRoot = "";
			targets = (
				5D35C433292E287C005004F4 /* Demo */,
			);
		};
/* End PBXProject section */

/* Begin PBXResourcesBuildPhase section */
		5D35C432292E287C005004F4 /* Resources */ = {
			isa = PBXResourcesBuildPhase;
			buildActionMask = 2147483647;
			files = (
				5D35C444292E287D005004F4 /* LaunchScreen.storyboard in Resources */,
				5D35C441292E287D005004F4 /* Assets.xcassets in Resources */,
			);
			runOnlyForDeploymentPostprocessing = 0;
		};
/* End PBXResourcesBuildPhase section */

/* Begin PBXShellScriptBuildPhase section */
		49C463A1A0F5B6EA41F800A6 /* [CP] Check Pods Manifest.lock */ = {
			isa = PBXShellScriptBuildPhase;
			buildActionMask = 2147483647;
			files = (
			);
			inputFileListPaths = (
			);
			inputPaths = (
				"${PODS_PODFILE_DIR_PATH}/Podfile.lock",
				"${PODS_ROOT}/Manifest.lock",
			);
			name = "[CP] Check Pods Manifest.lock";
			outputFileListPaths = (
			);
			outputPaths = (
				"$(DERIVED_FILE_DIR)/Pods-Demo-checkManifestLockResult.txt",
			);
			runOnlyForDeploymentPostprocessing = 0;
			shellPath = /bin/sh;
			shellScript = "diff \"${PODS_PODFILE_DIR_PATH}/Podfile.lock\" \"${PODS_ROOT}/Manifest.lock\" > /dev/null\nif [ $? != 0 ] ; then\n    # print error to STDERR\n    echo \"error: The sandbox is not in sync with the Podfile.lock. Run 'pod install' or update your CocoaPods installation.\" >&2\n    exit 1\nfi\n# This output is used by Xcode 'outputs' to avoid re-running this script phase.\necho \"SUCCESS\" > \"${SCRIPT_OUTPUT_FILE_0}\"\n";
			showEnvVarsInLog = 0;
		};
		8BE871909F89E90FD7ED1731 /* [CP] Embed Pods Frameworks */ = {
			isa = PBXShellScriptBuildPhase;
			buildActionMask = 2147483647;
			files = (
			);
			inputFileListPaths = (
				"${PODS_ROOT}/Target Support Files/Pods-Demo/Pods-Demo-frameworks-${CONFIGURATION}-input-files.xcfilelist",
			);
			name = "[CP] Embed Pods Frameworks";
			outputFileListPaths = (
				"${PODS_ROOT}/Target Support Files/Pods-Demo/Pods-Demo-frameworks-${CONFIGURATION}-output-files.xcfilelist",
			);
			runOnlyForDeploymentPostprocessing = 0;
			shellPath = /bin/sh;
			shellScript = "\"${PODS_ROOT}/Target Support Files/Pods-Demo/Pods-Demo-frameworks.sh\"\n";
			showEnvVarsInLog = 0;
		};
/* End PBXShellScriptBuildPhase section */

/* Begin PBXSourcesBuildPhase section */
		5D35C430292E287C005004F4 /* Sources */ = {
			isa = PBXSourcesBuildPhase;
			buildActionMask = 2147483647;
			files = (
				5D35C454292E3201005004F4 /* Network.swift in Sources */,
				5D35C458292E39B0005004F4 /* MainView.swift in Sources */,
				5D35C43C292E287C005004F4 /* ViewController.swift in Sources */,
				5D35C45A292E4A21005004F4 /* Models.swift in Sources */,
				5D35C438292E287C005004F4 /* AppDelegate.swift in Sources */,
				5D35C45C292E4FB0005004F4 /* ViewModels.swift in Sources */,
				5D35C43A292E287C005004F4 /* SceneDelegate.swift in Sources */,
				80B99CE4292F3857007E54DB /* CommonItemCell.swift in Sources */,
				5D35C44C292E2DC2005004F4 /* Extensions.swift in Sources */,
				5D333A83292F7471006D3DDF /* BaseCollectionView.swift in Sources */,
				5D35C456292E3253005004F4 /* FeaturedItemCell.swift in Sources */,
			);
			runOnlyForDeploymentPostprocessing = 0;
		};
/* End PBXSourcesBuildPhase section */

/* Begin PBXVariantGroup section */
		5D35C442292E287D005004F4 /* LaunchScreen.storyboard */ = {
			isa = PBXVariantGroup;
			children = (
				5D35C443292E287D005004F4 /* Base */,
			);
			name = LaunchScreen.storyboard;
			sourceTree = "<group>";
		};
/* End PBXVariantGroup section */

/* Begin XCBuildConfiguration section */
		5D35C446292E287D005004F4 /* Debug */ = {
			isa = XCBuildConfiguration;
			buildSettings = {
				ALWAYS_SEARCH_USER_PATHS = NO;
				CLANG_ANALYZER_NONNULL = YES;
				CLANG_ANALYZER_NUMBER_OBJECT_CONVERSION = YES_AGGRESSIVE;
				CLANG_CXX_LANGUAGE_STANDARD = "gnu++20";
				CLANG_ENABLE_MODULES = YES;
				CLANG_ENABLE_OBJC_ARC = YES;
				CLANG_ENABLE_OBJC_WEAK = YES;
				CLANG_WARN_BLOCK_CAPTURE_AUTORELEASING = YES;
				CLANG_WARN_BOOL_CONVERSION = YES;
				CLANG_WARN_COMMA = YES;
				CLANG_WARN_CONSTANT_CONVERSION = YES;
				CLANG_WARN_DEPRECATED_OBJC_IMPLEMENTATIONS = YES;
				CLANG_WARN_DIRECT_OBJC_ISA_USAGE = YES_ERROR;
				CLANG_WARN_DOCUMENTATION_COMMENTS = YES;
				CLANG_WARN_EMPTY_BODY = YES;
				CLANG_WARN_ENUM_CONVERSION = YES;
				CLANG_WARN_INFINITE_RECURSION = YES;
				CLANG_WARN_INT_CONVERSION = YES;
				CLANG_WARN_NON_LITERAL_NULL_CONVERSION = YES;
				CLANG_WARN_OBJC_IMPLICIT_RETAIN_SELF = YES;
				CLANG_WARN_OBJC_LITERAL_CONVERSION = YES;
				CLANG_WARN_OBJC_ROOT_CLASS = YES_ERROR;
				CLANG_WARN_QUOTED_INCLUDE_IN_FRAMEWORK_HEADER = YES;
				CLANG_WARN_RANGE_LOOP_ANALYSIS = YES;
				CLANG_WARN_STRICT_PROTOTYPES = YES;
				CLANG_WARN_SUSPICIOUS_MOVE = YES;
				CLANG_WARN_UNGUARDED_AVAILABILITY = YES_AGGRESSIVE;
				CLANG_WARN_UNREACHABLE_CODE = YES;
				CLANG_WARN__DUPLICATE_METHOD_MATCH = YES;
				COPY_PHASE_STRIP = NO;
				DEBUG_INFORMATION_FORMAT = dwarf;
				ENABLE_STRICT_OBJC_MSGSEND = YES;
				ENABLE_TESTABILITY = YES;
				GCC_C_LANGUAGE_STANDARD = gnu11;
				GCC_DYNAMIC_NO_PIC = NO;
				GCC_NO_COMMON_BLOCKS = YES;
				GCC_OPTIMIZATION_LEVEL = 0;
				GCC_PREPROCESSOR_DEFINITIONS = (
					"DEBUG=1",
					"$(inherited)",
				);
				GCC_WARN_64_TO_32_BIT_CONVERSION = YES;
				GCC_WARN_ABOUT_RETURN_TYPE = YES_ERROR;
				GCC_WARN_UNDECLARED_SELECTOR = YES;
				GCC_WARN_UNINITIALIZED_AUTOS = YES_AGGRESSIVE;
				GCC_WARN_UNUSED_FUNCTION = YES;
				GCC_WARN_UNUSED_VARIABLE = YES;
				IPHONEOS_DEPLOYMENT_TARGET = 16.1;
				MTL_ENABLE_DEBUG_INFO = INCLUDE_SOURCE;
				MTL_FAST_MATH = YES;
				ONLY_ACTIVE_ARCH = YES;
				SDKROOT = iphoneos;
				SWIFT_ACTIVE_COMPILATION_CONDITIONS = DEBUG;
				SWIFT_OPTIMIZATION_LEVEL = "-Onone";
			};
			name = Debug;
		};
		5D35C447292E287D005004F4 /* Release */ = {
			isa = XCBuildConfiguration;
			buildSettings = {
				ALWAYS_SEARCH_USER_PATHS = NO;
				CLANG_ANALYZER_NONNULL = YES;
				CLANG_ANALYZER_NUMBER_OBJECT_CONVERSION = YES_AGGRESSIVE;
				CLANG_CXX_LANGUAGE_STANDARD = "gnu++20";
				CLANG_ENABLE_MODULES = YES;
				CLANG_ENABLE_OBJC_ARC = YES;
				CLANG_ENABLE_OBJC_WEAK = YES;
				CLANG_WARN_BLOCK_CAPTURE_AUTORELEASING = YES;
				CLANG_WARN_BOOL_CONVERSION = YES;
				CLANG_WARN_COMMA = YES;
				CLANG_WARN_CONSTANT_CONVERSION = YES;
				CLANG_WARN_DEPRECATED_OBJC_IMPLEMENTATIONS = YES;
				CLANG_WARN_DIRECT_OBJC_ISA_USAGE = YES_ERROR;
				CLANG_WARN_DOCUMENTATION_COMMENTS = YES;
				CLANG_WARN_EMPTY_BODY = YES;
				CLANG_WARN_ENUM_CONVERSION = YES;
				CLANG_WARN_INFINITE_RECURSION = YES;
				CLANG_WARN_INT_CONVERSION = YES;
				CLANG_WARN_NON_LITERAL_NULL_CONVERSION = YES;
				CLANG_WARN_OBJC_IMPLICIT_RETAIN_SELF = YES;
				CLANG_WARN_OBJC_LITERAL_CONVERSION = YES;
				CLANG_WARN_OBJC_ROOT_CLASS = YES_ERROR;
				CLANG_WARN_QUOTED_INCLUDE_IN_FRAMEWORK_HEADER = YES;
				CLANG_WARN_RANGE_LOOP_ANALYSIS = YES;
				CLANG_WARN_STRICT_PROTOTYPES = YES;
				CLANG_WARN_SUSPICIOUS_MOVE = YES;
				CLANG_WARN_UNGUARDED_AVAILABILITY = YES_AGGRESSIVE;
				CLANG_WARN_UNREACHABLE_CODE = YES;
				CLANG_WARN__DUPLICATE_METHOD_MATCH = YES;
				COPY_PHASE_STRIP = NO;
				DEBUG_INFORMATION_FORMAT = "dwarf-with-dsym";
				ENABLE_NS_ASSERTIONS = NO;
				ENABLE_STRICT_OBJC_MSGSEND = YES;
				GCC_C_LANGUAGE_STANDARD = gnu11;
				GCC_NO_COMMON_BLOCKS = YES;
				GCC_WARN_64_TO_32_BIT_CONVERSION = YES;
				GCC_WARN_ABOUT_RETURN_TYPE = YES_ERROR;
				GCC_WARN_UNDECLARED_SELECTOR = YES;
				GCC_WARN_UNINITIALIZED_AUTOS = YES_AGGRESSIVE;
				GCC_WARN_UNUSED_FUNCTION = YES;
				GCC_WARN_UNUSED_VARIABLE = YES;
				IPHONEOS_DEPLOYMENT_TARGET = 16.1;
				MTL_ENABLE_DEBUG_INFO = NO;
				MTL_FAST_MATH = YES;
				SDKROOT = iphoneos;
				SWIFT_COMPILATION_MODE = wholemodule;
				SWIFT_OPTIMIZATION_LEVEL = "-O";
				VALIDATE_PRODUCT = YES;
			};
			name = Release;
		};
		5D35C449292E287D005004F4 /* Debug */ = {
			isa = XCBuildConfiguration;
			baseConfigurationReference = F0DDB56309B22D800EE9B423 /* Pods-Demo.debug.xcconfig */;
			buildSettings = {
				ASSETCATALOG_COMPILER_APPICON_NAME = AppIcon;
				ASSETCATALOG_COMPILER_GLOBAL_ACCENT_COLOR_NAME = AccentColor;
				CODE_SIGN_STYLE = Automatic;
				CURRENT_PROJECT_VERSION = 1;
				DEVELOPMENT_TEAM = 3Z59KNR7ZY;
				GENERATE_INFOPLIST_FILE = YES;
				INFOPLIST_FILE = Demo/Info.plist;
				INFOPLIST_KEY_UIApplicationSupportsIndirectInputEvents = YES;
				INFOPLIST_KEY_UILaunchStoryboardName = LaunchScreen;
				INFOPLIST_KEY_UISupportedInterfaceOrientations_iPad = "UIInterfaceOrientationPortrait UIInterfaceOrientationPortraitUpsideDown UIInterfaceOrientationLandscapeLeft UIInterfaceOrientationLandscapeRight";
				INFOPLIST_KEY_UISupportedInterfaceOrientations_iPhone = "UIInterfaceOrientationPortrait UIInterfaceOrientationLandscapeLeft UIInterfaceOrientationLandscapeRight";
				IPHONEOS_DEPLOYMENT_TARGET = 13.0;
				LD_RUNPATH_SEARCH_PATHS = (
					"$(inherited)",
					"@executable_path/Frameworks",
				);
				MARKETING_VERSION = 1.0;
				PRODUCT_BUNDLE_IDENTIFIER = com.RCD.Demo;
				PRODUCT_NAME = "$(TARGET_NAME)";
				SUPPORTED_PLATFORMS = "iphoneos iphonesimulator";
				SUPPORTS_MACCATALYST = NO;
				SUPPORTS_MAC_DESIGNED_FOR_IPHONE_IPAD = NO;
				SWIFT_EMIT_LOC_STRINGS = YES;
				SWIFT_VERSION = 5.0;
				TARGETED_DEVICE_FAMILY = 1;
			};
			name = Debug;
		};
		5D35C44A292E287D005004F4 /* Release */ = {
			isa = XCBuildConfiguration;
			baseConfigurationReference = 55C63488995465ACE8C1B8FF /* Pods-Demo.release.xcconfig */;
			buildSettings = {
				ASSETCATALOG_COMPILER_APPICON_NAME = AppIcon;
				ASSETCATALOG_COMPILER_GLOBAL_ACCENT_COLOR_NAME = AccentColor;
				CODE_SIGN_STYLE = Automatic;
				CURRENT_PROJECT_VERSION = 1;
				DEVELOPMENT_TEAM = 3Z59KNR7ZY;
				GENERATE_INFOPLIST_FILE = YES;
				INFOPLIST_FILE = Demo/Info.plist;
				INFOPLIST_KEY_UIApplicationSupportsIndirectInputEvents = YES;
				INFOPLIST_KEY_UILaunchStoryboardName = LaunchScreen;
				INFOPLIST_KEY_UISupportedInterfaceOrientations_iPad = "UIInterfaceOrientationPortrait UIInterfaceOrientationPortraitUpsideDown UIInterfaceOrientationLandscapeLeft UIInterfaceOrientationLandscapeRight";
				INFOPLIST_KEY_UISupportedInterfaceOrientations_iPhone = "UIInterfaceOrientationPortrait UIInterfaceOrientationLandscapeLeft UIInterfaceOrientationLandscapeRight";
				IPHONEOS_DEPLOYMENT_TARGET = 13.0;
				LD_RUNPATH_SEARCH_PATHS = (
					"$(inherited)",
					"@executable_path/Frameworks",
				);
				MARKETING_VERSION = 1.0;
				PRODUCT_BUNDLE_IDENTIFIER = com.RCD.Demo;
				PRODUCT_NAME = "$(TARGET_NAME)";
				SUPPORTED_PLATFORMS = "iphoneos iphonesimulator";
				SUPPORTS_MACCATALYST = NO;
				SUPPORTS_MAC_DESIGNED_FOR_IPHONE_IPAD = NO;
				SWIFT_EMIT_LOC_STRINGS = YES;
				SWIFT_VERSION = 5.0;
				TARGETED_DEVICE_FAMILY = 1;
			};
			name = Release;
		};
/* End XCBuildConfiguration section */

/* Begin XCConfigurationList section */
		5D35C42F292E287C005004F4 /* Build configuration list for PBXProject "Demo" */ = {
			isa = XCConfigurationList;
			buildConfigurations = (
				5D35C446292E287D005004F4 /* Debug */,
				5D35C447292E287D005004F4 /* Release */,
			);
			defaultConfigurationIsVisible = 0;
			defaultConfigurationName = Release;
		};
		5D35C448292E287D005004F4 /* Build configuration list for PBXNativeTarget "Demo" */ = {
			isa = XCConfigurationList;
			buildConfigurations = (
				5D35C449292E287D005004F4 /* Debug */,
				5D35C44A292E287D005004F4 /* Release */,
			);
			defaultConfigurationIsVisible = 0;
			defaultConfigurationName = Release;
		};
/* End XCConfigurationList section */
	};
	rootObject = 5D35C42C292E287C005004F4 /* Project object */;
}
